Microsoft Visual Studio Solution File, Format Version 11.00
# Visual Studio 2008

Project("{3183814A-9DEE-DFC4-BFE3-7C13C4A782EE}") = "OculusSDK import", "Assembly-CSharp.csproj", "{00DD40F1-EE09-6DA7-9811-2092F7EA461A}"
EndProject
Project("{3183814A-9DEE-DFC4-BFE3-7C13C4A782EE}") = "OculusSDK import", "Assembly-CSharp-Editor.csproj", "{78B92E37-0470-91DA-FD2D-D91E3CE98C9B}"
EndProject
Global
	GlobalSection(SolutionConfigurationPlatforms) = preSolution
		Debug|Any CPU = Debug|Any CPU
		Release|Any CPU = Release|Any CPU
	EndGlobalSection
	GlobalSection(ProjectConfigurationPlatforms) = postSolution
		{00DD40F1-EE09-6DA7-9811-2092F7EA461A}.Debug|Any CPU.ActiveCfg = Debug|Any CPU
		{00DD40F1-EE09-6DA7-9811-2092F7EA461A}.Debug|Any CPU.Build.0 = Debug|Any CPU
		{00DD40F1-EE09-6DA7-9811-2092F7EA461A}.Release|Any CPU.ActiveCfg = Release|Any CPU
		{00DD40F1-EE09-6DA7-9811-2092F7EA461A}.Release|Any CPU.Build.0 = Release|Any CPU
		{78B92E37-0470-91DA-FD2D-D91E3CE98C9B}.Debug|Any CPU.ActiveCfg = Debug|Any CPU
		{78B92E37-0470-91DA-FD2D-D91E3CE98C9B}.Debug|Any CPU.Build.0 = Debug|Any CPU
		{78B92E37-0470-91DA-FD2D-D91E3CE98C9B}.Release|Any CPU.ActiveCfg = Release|Any CPU
		{78B92E37-0470-91DA-FD2D-D91E3CE98C9B}.Release|Any CPU.Build.0 = Release|Any CPU
	EndGlobalSection
	GlobalSection(SolutionProperties) = preSolution
		HideSolutionNode = FALSE
	EndGlobalSection
	GlobalSection(MonoDevelopProperties) = preSolution
		StartupItem = Assembly-CSharp.csproj
	EndGlobalSection
EndGlobal
